# This file is @generated by PDM.
# It is not intended for manual editing.

[metadata]
groups = ["default", "dev"]
cross_platform = true
static_urls = false
lock_version = "4.3"
content_hash = "sha256:532bff61cd4d185366c1e0c2820fd0854f46aacc2f096fd9d333c46059eb1545"

[[package]]
name = "auditok"
version = "0.1.5"
summary = "A module for Audio/Acoustic Activity Detection"
files = [
    {file = "auditok-0.1.5.tar.gz", hash = "sha256:1cdb30f552cfed7120b3c1365faa7bca00cce3b0305b13188e9b62a649c58a0e"},
]

[[package]]
name = "black"
version = "23.9.1"
requires_python = ">=3.8"
summary = "The uncompromising code formatter."
dependencies = [
    "click>=8.0.0",
    "mypy-extensions>=0.4.3",
    "packaging>=22.0",
    "pathspec>=0.9.0",
    "platformdirs>=2",
]
files = [
    {file = "black-23.9.1-py3-none-any.whl", hash = "sha256:6ccd59584cc834b6d127628713e4b6b968e5f79572da66284532525a042549f9"},
    {file = "black-23.9.1.tar.gz", hash = "sha256:24b6b3ff5c6d9ea08a8888f6977eae858e1f340d7260cf56d70a49823236b62d"},
]

[[package]]
name = "chardet"
version = "5.2.0"
requires_python = ">=3.7"
summary = "Universal encoding detector for Python 3"
files = [
    {file = "chardet-5.2.0-py3-none-any.whl", hash = "sha256:e1cf59446890a00105fe7b7912492ea04b6e6f06d4b742b2c788469e34c82970"},
    {file = "chardet-5.2.0.tar.gz", hash = "sha256:1b3b6ff479a8c414bc3fa2c0852995695c4a026dcd6d0633b2dd092ca39c1cf7"},
]

[[package]]
name = "charset-normalizer"
version = "3.3.0"
requires_python = ">=3.7.0"
summary = "The Real First Universal Charset Detector. Open, modern and actively maintained alternative to Chardet."
files = [
    {file = "charset-normalizer-3.3.0.tar.gz", hash = "sha256:63563193aec44bce707e0c5ca64ff69fa72ed7cf34ce6e11d5127555756fd2f6"},
    {file = "charset_normalizer-3.3.0-cp311-cp311-macosx_10_9_universal2.whl", hash = "sha256:d7eff0f27edc5afa9e405f7165f85a6d782d308f3b6b9d96016c010597958e63"},
    {file = "charset_normalizer-3.3.0-cp311-cp311-macosx_10_9_x86_64.whl", hash = "sha256:6a685067d05e46641d5d1623d7c7fdf15a357546cbb2f71b0ebde91b175ffc3e"},
    {file = "charset_normalizer-3.3.0-cp311-cp311-macosx_11_0_arm64.whl", hash = "sha256:0d3d5b7db9ed8a2b11a774db2bbea7ba1884430a205dbd54a32d61d7c2a190fa"},
    {file = "charset_normalizer-3.3.0-cp311-cp311-manylinux_2_17_aarch64.manylinux2014_aarch64.whl", hash = "sha256:2935ffc78db9645cb2086c2f8f4cfd23d9b73cc0dc80334bc30aac6f03f68f8c"},
    {file = "charset_normalizer-3.3.0-cp311-cp311-manylinux_2_17_ppc64le.manylinux2014_ppc64le.whl", hash = "sha256:9fe359b2e3a7729010060fbca442ca225280c16e923b37db0e955ac2a2b72a05"},
    {file = "charset_normalizer-3.3.0-cp311-cp311-manylinux_2_17_s390x.manylinux2014_s390x.whl", hash = "sha256:380c4bde80bce25c6e4f77b19386f5ec9db230df9f2f2ac1e5ad7af2caa70459"},
    {file = "charset_normalizer-3.3.0-cp311-cp311-manylinux_2_17_x86_64.manylinux2014_x86_64.whl", hash = "sha256:f0d1e3732768fecb052d90d62b220af62ead5748ac51ef61e7b32c266cac9293"},
    {file = "charset_normalizer-3.3.0-cp311-cp311-manylinux_2_5_i686.manylinux1_i686.manylinux_2_17_i686.manylinux2014_i686.whl", hash = "sha256:1b2919306936ac6efb3aed1fbf81039f7087ddadb3160882a57ee2ff74fd2382"},
    {file = "charset_normalizer-3.3.0-cp311-cp311-musllinux_1_1_aarch64.whl", hash = "sha256:f8888e31e3a85943743f8fc15e71536bda1c81d5aa36d014a3c0c44481d7db6e"},
    {file = "charset_normalizer-3.3.0-cp311-cp311-musllinux_1_1_i686.whl", hash = "sha256:82eb849f085624f6a607538ee7b83a6d8126df6d2f7d3b319cb837b289123078"},
    {file = "charset_normalizer-3.3.0-cp311-cp311-musllinux_1_1_ppc64le.whl", hash = "sha256:7b8b8bf1189b3ba9b8de5c8db4d541b406611a71a955bbbd7385bbc45fcb786c"},
    {file = "charset_normalizer-3.3.0-cp311-cp311-musllinux_1_1_s390x.whl", hash = "sha256:5adf257bd58c1b8632046bbe43ee38c04e1038e9d37de9c57a94d6bd6ce5da34"},
    {file = "charset_normalizer-3.3.0-cp311-cp311-musllinux_1_1_x86_64.whl", hash = "sha256:c350354efb159b8767a6244c166f66e67506e06c8924ed74669b2c70bc8735b1"},
    {file = "charset_normalizer-3.3.0-cp311-cp311-win32.whl", hash = "sha256:02af06682e3590ab952599fbadac535ede5d60d78848e555aa58d0c0abbde786"},
    {file = "charset_normalizer-3.3.0-cp311-cp311-win_amd64.whl", hash = "sha256:86d1f65ac145e2c9ed71d8ffb1905e9bba3a91ae29ba55b4c46ae6fc31d7c0d4"},
    {file = "charset_normalizer-3.3.0-py3-none-any.whl", hash = "sha256:e46cd37076971c1040fc8c41273a8b3e2c624ce4f2be3f5dfcb7a430c1d3acc2"},
]

[[package]]
name = "click"
version = "8.1.7"
requires_python = ">=3.7"
summary = "Composable command line interface toolkit"
dependencies = [
    "colorama; platform_system == \"Windows\"",
]
files = [
    {file = "click-8.1.7-py3-none-any.whl", hash = "sha256:ae74fb96c20a0277a1d615f1e4d73c8414f5a98db8b799a7931d1582f3390c28"},
    {file = "click-8.1.7.tar.gz", hash = "sha256:ca9853ad459e787e2192211578cc907e7594e294c7ccc834310722b41b9ca6de"},
]

[[package]]
name = "colorama"
version = "0.4.6"
requires_python = "!=3.0.*,!=3.1.*,!=3.2.*,!=3.3.*,!=3.4.*,!=3.5.*,!=3.6.*,>=2.7"
summary = "Cross-platform colored terminal text."
files = [
    {file = "colorama-0.4.6-py2.py3-none-any.whl", hash = "sha256:4f1d9991f5acc0ca119f9d443620b77f9d6b33703e51011c16baf57afb285fc6"},
    {file = "colorama-0.4.6.tar.gz", hash = "sha256:08695f5cb7ed6e0531a20572697297273c47b8cae5a63ffc6d6ed5c201be6e44"},
]

[[package]]
name = "faust-cchardet"
version = "2.1.19"
summary = "cChardet is high speed universal character encoding detector."
files = [
    {file = "faust-cchardet-2.1.19.tar.gz", hash = "sha256:f89386297cde0c8e0f5e21464bc2d6d0e4a4fc1b1d77cdb238ca24d740d872e0"},
    {file = "faust_cchardet-2.1.19-cp312-cp312-macosx_10_9_x86_64.whl", hash = "sha256:8ce7889e03ba7550099127ffc9b27f1c799c75cdf3698ea3a60e86dadff4bea4"},
    {file = "faust_cchardet-2.1.19-cp312-cp312-macosx_11_0_arm64.whl", hash = "sha256:da1be0b5281f77e79009cf535a218892c24d87483a7a21a7f85d113c6e1da466"},
    {file = "faust_cchardet-2.1.19-cp312-cp312-manylinux_2_17_aarch64.manylinux2014_aarch64.whl", hash = "sha256:f2d088af4711241bc24d858d2fd54854f0a7a969e9890b6dea5512be28d3f83a"},
    {file = "faust_cchardet-2.1.19-cp312-cp312-manylinux_2_17_x86_64.manylinux2014_x86_64.whl", hash = "sha256:5eded4811f4a6d5a12ee5eed3c0b95312b0644ca504966043fdcc2f20637d7d5"},
    {file = "faust_cchardet-2.1.19-cp312-cp312-manylinux_2_5_i686.manylinux1_i686.manylinux_2_17_i686.manylinux2014_i686.whl", hash = "sha256:a194b7d63073ebf8bdc2a1c76451bbbf6b1d31191d2d04b02b14335df5523840"},
    {file = "faust_cchardet-2.1.19-cp312-cp312-musllinux_1_1_aarch64.whl", hash = "sha256:0f808d12233fe92de881e4d232c0acd52f0123804bcd6d711db3a46b5e09ecf6"},
    {file = "faust_cchardet-2.1.19-cp312-cp312-musllinux_1_1_i686.whl", hash = "sha256:171191fbc41b541012f5bd18efb3b1434c789f4eedb664332178715b70377372"},
    {file = "faust_cchardet-2.1.19-cp312-cp312-musllinux_1_1_x86_64.whl", hash = "sha256:5e6c400186d8ec37365e9b22f322bb98d70aff0798da7377b2580f9169358a40"},
    {file = "faust_cchardet-2.1.19-cp312-cp312-win_amd64.whl", hash = "sha256:a41cc69686450b7402a2e87703389cc9d6738a9658781ddb9acf7b52fea068f7"},
    {file = "faust_cchardet-2.1.19-pp310-pypy310_pp73-macosx_10_9_x86_64.whl", hash = "sha256:0d5c5b245afbf89a4254abcdda93d7da3a8a58614aa0aed211e8d6e726c11b91"},
    {file = "faust_cchardet-2.1.19-pp310-pypy310_pp73-manylinux_2_17_aarch64.manylinux2014_aarch64.whl", hash = "sha256:64b3d9559a3c88baa7de0300e4d131b395903d0a9f32412aae15619791199527"},
    {file = "faust_cchardet-2.1.19-pp310-pypy310_pp73-manylinux_2_17_x86_64.manylinux2014_x86_64.whl", hash = "sha256:8706fc2ce4392cf18fb823f0a805213bae103c1eb3659792d7ab690c5589ea39"},
    {file = "faust_cchardet-2.1.19-pp310-pypy310_pp73-manylinux_2_5_i686.manylinux1_i686.manylinux_2_17_i686.manylinux2014_i686.whl", hash = "sha256:0dbf865b5a7f03d967294efb435de6eede51e74a8af31abc6e959b87b90b0d3a"},
    {file = "faust_cchardet-2.1.19-pp310-pypy310_pp73-win_amd64.whl", hash = "sha256:873089b385009c672c7364aaf281f39601af739218d812a8d41b6ac3a96e83d4"},
    {file = "faust_cchardet-2.1.19-pp37-pypy37_pp73-macosx_10_9_x86_64.whl", hash = "sha256:b24c4d5c8eb12f09955e10566c9d2b372eb869060aca9999bd2e38770129eb7e"},
    {file = "faust_cchardet-2.1.19-pp37-pypy37_pp73-manylinux_2_17_aarch64.manylinux2014_aarch64.whl", hash = "sha256:aa5d8a290fe66a40582d0034c1ab6c8934231474f9361641f1206585716994fc"},
    {file = "faust_cchardet-2.1.19-pp37-pypy37_pp73-manylinux_2_17_x86_64.manylinux2014_x86_64.whl", hash = "sha256:70511edd3be6d2537f47527762f44e9aeaf0d135cb78b2ba7a0d7e283baaaa01"},
    {file = "faust_cchardet-2.1.19-pp37-pypy37_pp73-manylinux_2_5_i686.manylinux1_i686.manylinux_2_17_i686.manylinux2014_i686.whl", hash = "sha256:ba438330d8017016f0bb74d81d504bf9c5ab58211cbc35e71695cbf6858fca4b"},
    {file = "faust_cchardet-2.1.19-pp37-pypy37_pp73-win_amd64.whl", hash = "sha256:f81c2f643b2e09a09119554a5f9d60f40a70320b6519e9a6634ae93d05c01c0f"},
    {file = "faust_cchardet-2.1.19-pp38-pypy38_pp73-macosx_10_9_x86_64.whl", hash = "sha256:17d8aa6575d0b81fffc4b05a97f5ffe79a2dac585689517c9410b6ce4678981a"},
    {file = "faust_cchardet-2.1.19-pp38-pypy38_pp73-manylinux_2_17_aarch64.manylinux2014_aarch64.whl", hash = "sha256:5447f1c9b133abbcc97b87c5d29825567b76384088783b6171eefbca120e44ca"},
    {file = "faust_cchardet-2.1.19-pp38-pypy38_pp73-manylinux_2_17_x86_64.manylinux2014_x86_64.whl", hash = "sha256:b0b3b8897ed14f338310a998a86d7671004bbe27dcd99451f2f9d73e0f04d110"},
    {file = "faust_cchardet-2.1.19-pp38-pypy38_pp73-manylinux_2_5_i686.manylinux1_i686.manylinux_2_17_i686.manylinux2014_i686.whl", hash = "sha256:396094d4875fcb30a573c71b6e8f44260ed89cf4e957769c50e84f453827d96d"},
    {file = "faust_cchardet-2.1.19-pp38-pypy38_pp73-win_amd64.whl", hash = "sha256:9df42a1bc3f244ed219529c668d4b42e24243114bcb120229ebb7c44a829c648"},
    {file = "faust_cchardet-2.1.19-pp39-pypy39_pp73-macosx_10_9_x86_64.whl", hash = "sha256:a36f56c921536abcfdb560cbc02dca9fc637c48e58585699105e5ea8c6f558bc"},
    {file = "faust_cchardet-2.1.19-pp39-pypy39_pp73-manylinux_2_17_aarch64.manylinux2014_aarch64.whl", hash = "sha256:ce81f69a3dee0bf73470bac31c8bcc29d05b981874b84c46e5599374b9f20d4f"},
    {file = "faust_cchardet-2.1.19-pp39-pypy39_pp73-manylinux_2_17_x86_64.manylinux2014_x86_64.whl", hash = "sha256:cd130c3feca879ef80c5090aefcd0cd4f22da80040c82206de666ca5eb2ee5e3"},
    {file = "faust_cchardet-2.1.19-pp39-pypy39_pp73-manylinux_2_5_i686.manylinux1_i686.manylinux_2_17_i686.manylinux2014_i686.whl", hash = "sha256:18e6fa0a2ca80d6d3ce7dae158eb85ae3d784583aed22b064ffebca592be5e46"},
    {file = "faust_cchardet-2.1.19-pp39-pypy39_pp73-win_amd64.whl", hash = "sha256:dfe3d4360711cdc4ed5b913ab56b99fa03daa945e05bd7755eaaf7e1d8a3fa94"},
]

[[package]]
name = "ffmpeg-python"
version = "0.2.0"
summary = "Python bindings for FFmpeg - with complex filtering support"
dependencies = [
    "future",
]
files = [
    {file = "ffmpeg-python-0.2.0.tar.gz", hash = "sha256:65225db34627c578ef0e11c8b1eb528bb35e024752f6f10b78c011f6f64c4127"},
    {file = "ffmpeg_python-0.2.0-py3-none-any.whl", hash = "sha256:ac441a0404e053f8b6a1113a77c0f452f1cfc62f6344a769475ffdc0f56c23c5"},
]

[[package]]
name = "ffsubsync"
version = "0.4.25"
summary = "Language-agnostic synchronization of subtitles with video."
dependencies = [
    "auditok==0.1.5",
    "chardet; python_version >= \"3.7\"",
    "charset-normalizer",
    "faust-cchardet",
    "ffmpeg-python",
    "future>=0.18.2",
    "numpy>=1.12.0",
    "pysubs2>=1.2.0; python_version >= \"3.7\"",
    "rich",
    "six",
    "srt>=3.0.0",
    "tqdm",
    "typing-extensions",
    "webrtcvad-wheels; platform_system == \"Windows\"",
    "webrtcvad; platform_system != \"Windows\"",
]
files = [
    {file = "ffsubsync-0.4.25-py2.py3-none-any.whl", hash = "sha256:2a14c8f0dec1ca7773cb6609349ee7dfdacb1ef13b312b44a7404884cdb416c9"},
    {file = "ffsubsync-0.4.25.tar.gz", hash = "sha256:2a7cea5105030da4785a49ad2c139cbcd677c5cb57b5af8e1d859026fa74a2db"},
]

[[package]]
name = "future"
version = "0.18.3"
requires_python = ">=2.6, !=3.0.*, !=3.1.*, !=3.2.*"
summary = "Clean single-source support for Python 3 and 2"
files = [
    {file = "future-0.18.3.tar.gz", hash = "sha256:34a17436ed1e96697a86f9de3d15a3b0be01d8bc8de9c1dffd59fb8234ed5307"},
]

[[package]]
name = "isort"
version = "5.12.0"
requires_python = ">=3.8.0"
summary = "A Python utility / library to sort Python imports."
files = [
    {file = "isort-5.12.0-py3-none-any.whl", hash = "sha256:f84c2818376e66cf843d497486ea8fed8700b340f308f076c6fb1229dff318b6"},
    {file = "isort-5.12.0.tar.gz", hash = "sha256:8bef7dde241278824a6d83f44a544709b065191b95b6e50894bdc722fcba0504"},
]

[[package]]
name = "markdown-it-py"
version = "3.0.0"
requires_python = ">=3.8"
summary = "Python port of markdown-it. Markdown parsing, done right!"
dependencies = [
    "mdurl~=0.1",
]
files = [
    {file = "markdown-it-py-3.0.0.tar.gz", hash = "sha256:e3f60a94fa066dc52ec76661e37c851cb232d92f9886b15cb560aaada2df8feb"},
    {file = "markdown_it_py-3.0.0-py3-none-any.whl", hash = "sha256:355216845c60bd96232cd8d8c40e8f9765cc86f46880e43a8fd22dc1a1a8cab1"},
]

[[package]]
name = "mdurl"
version = "0.1.2"
requires_python = ">=3.7"
summary = "Markdown URL utilities"
files = [
    {file = "mdurl-0.1.2-py3-none-any.whl", hash = "sha256:84008a41e51615a49fc9966191ff91509e3c40b939176e643fd50a5c2196b8f8"},
    {file = "mdurl-0.1.2.tar.gz", hash = "sha256:bb413d29f5eea38f31dd4754dd7377d4465116fb207585f97bf925588687c1ba"},
]

[[package]]
name = "mypy-extensions"
version = "1.0.0"
requires_python = ">=3.5"
summary = "Type system extensions for programs checked with the mypy type checker."
files = [
    {file = "mypy_extensions-1.0.0-py3-none-any.whl", hash = "sha256:4392f6c0eb8a5668a69e23d168ffa70f0be9ccfd32b5cc2d26a34ae5b844552d"},
    {file = "mypy_extensions-1.0.0.tar.gz", hash = "sha256:75dbf8955dc00442a438fc4d0666508a9a97b6bd41aa2f0ffe9d2f2725af0782"},
]

[[package]]
name = "numpy"
version = "1.25.2"
requires_python = ">=3.9"
summary = "Fundamental package for array computing in Python"
files = [
    {file = "numpy-1.25.2-pp39-pypy39_pp73-macosx_10_9_x86_64.whl", hash = "sha256:1a1329e26f46230bf77b02cc19e900db9b52f398d6722ca853349a782d4cff55"},
    {file = "numpy-1.25.2-pp39-pypy39_pp73-manylinux_2_17_x86_64.manylinux2014_x86_64.whl", hash = "sha256:4c3abc71e8b6edba80a01a52e66d83c5d14433cbcd26a40c329ec7ed09f37901"},
    {file = "numpy-1.25.2-pp39-pypy39_pp73-win_amd64.whl", hash = "sha256:1b9735c27cea5d995496f46a8b1cd7b408b3f34b6d50459d9ac8fe3a20cc17bf"},
    {file = "numpy-1.25.2.tar.gz", hash = "sha256:fd608e19c8d7c55021dffd43bfe5492fab8cc105cc8986f813f8c3c048b38760"},
]

[[package]]
name = "packaging"
version = "23.2"
requires_python = ">=3.7"
summary = "Core utilities for Python packages"
files = [
    {file = "packaging-23.2-py3-none-any.whl", hash = "sha256:8c491190033a9af7e1d931d0b5dacc2ef47509b34dd0de67ed209b5203fc88c7"},
    {file = "packaging-23.2.tar.gz", hash = "sha256:048fb0e9405036518eaaf48a55953c750c11e1a1b68e0dd1a9d62ed0c092cfc5"},
]

[[package]]
name = "pathspec"
version = "0.11.2"
requires_python = ">=3.7"
summary = "Utility library for gitignore style pattern matching of file paths."
files = [
    {file = "pathspec-0.11.2-py3-none-any.whl", hash = "sha256:1d6ed233af05e679efb96b1851550ea95bbb64b7c490b0f5aa52996c11e92a20"},
    {file = "pathspec-0.11.2.tar.gz", hash = "sha256:e0d8d0ac2f12da61956eb2306b69f9469b42f4deb0f3cb6ed47b9cce9996ced3"},
]

[[package]]
name = "platformdirs"
version = "3.11.0"
requires_python = ">=3.7"
summary = "A small Python package for determining appropriate platform-specific dirs, e.g. a \"user data dir\"."
files = [
    {file = "platformdirs-3.11.0-py3-none-any.whl", hash = "sha256:e9d171d00af68be50e9202731309c4e658fd8bc76f55c11c7dd760d023bda68e"},
    {file = "platformdirs-3.11.0.tar.gz", hash = "sha256:cf8ee52a3afdb965072dcc652433e0c7e3e40cf5ea1477cd4b3b1d2eb75495b3"},
]

[[package]]
name = "pygments"
version = "2.16.1"
requires_python = ">=3.7"
summary = "Pygments is a syntax highlighting package written in Python."
files = [
    {file = "Pygments-2.16.1-py3-none-any.whl", hash = "sha256:13fc09fa63bc8d8671a6d247e1eb303c4b343eaee81d861f3404db2935653692"},
    {file = "Pygments-2.16.1.tar.gz", hash = "sha256:1daff0494820c69bc8941e407aa20f577374ee88364ee10a98fdbe0aece96e29"},
]

[[package]]
name = "pysubs2"
version = "1.6.1"
requires_python = ">=3.7"
summary = "A library for editing subtitle files"
files = [
    {file = "pysubs2-1.6.1-py3-none-any.whl", hash = "sha256:1f96d9dfb5f859a54a00e04621beb20ff21ea1d788821b2f4935c5c0ef8dc68e"},
    {file = "pysubs2-1.6.1.tar.gz", hash = "sha256:0261611e71735ff7763972c519c72593c8063efcb9039c54af65f31b81cec116"},
]

[[package]]
name = "rich"
version = "13.6.0"
requires_python = ">=3.7.0"
summary = "Render rich text, tables, progress bars, syntax highlighting, markdown and more to the terminal"
dependencies = [
    "markdown-it-py>=2.2.0",
    "pygments<3.0.0,>=2.13.0",
]
files = [
    {file = "rich-13.6.0-py3-none-any.whl", hash = "sha256:2b38e2fe9ca72c9a00170a1a2d20c63c790d0e10ef1fe35eba76e1e7b1d7d245"},
    {file = "rich-13.6.0.tar.gz", hash = "sha256:5c14d22737e6d5084ef4771b62d5d4363165b403455a30a1c8ca39dc7b644bef"},
]

[[package]]
name = "ruff"
version = "0.0.292"
requires_python = ">=3.7"
summary = "An extremely fast Python linter, written in Rust."
files = [
    {file = "ruff-0.0.292-py3-none-macosx_10_7_x86_64.whl", hash = "sha256:02f29db018c9d474270c704e6c6b13b18ed0ecac82761e4fcf0faa3728430c96"},
    {file = "ruff-0.0.292-py3-none-macosx_10_9_x86_64.macosx_11_0_arm64.macosx_10_9_universal2.whl", hash = "sha256:69654e564342f507edfa09ee6897883ca76e331d4bbc3676d8a8403838e9fade"},
    {file = "ruff-0.0.292-py3-none-manylinux_2_17_aarch64.manylinux2014_aarch64.whl", hash = "sha256:6c3c91859a9b845c33778f11902e7b26440d64b9d5110edd4e4fa1726c41e0a4"},
    {file = "ruff-0.0.292-py3-none-manylinux_2_17_armv7l.manylinux2014_armv7l.whl", hash = "sha256:f4476f1243af2d8c29da5f235c13dca52177117935e1f9393f9d90f9833f69e4"},
    {file = "ruff-0.0.292-py3-none-manylinux_2_17_i686.manylinux2014_i686.whl", hash = "sha256:be8eb50eaf8648070b8e58ece8e69c9322d34afe367eec4210fdee9a555e4ca7"},
    {file = "ruff-0.0.292-py3-none-manylinux_2_17_ppc64.manylinux2014_ppc64.whl", hash = "sha256:9889bac18a0c07018aac75ef6c1e6511d8411724d67cb879103b01758e110a81"},
    {file = "ruff-0.0.292-py3-none-manylinux_2_17_ppc64le.manylinux2014_ppc64le.whl", hash = "sha256:6bdfabd4334684a4418b99b3118793f2c13bb67bf1540a769d7816410402a205"},
    {file = "ruff-0.0.292-py3-none-manylinux_2_17_s390x.manylinux2014_s390x.whl", hash = "sha256:aa7c77c53bfcd75dbcd4d1f42d6cabf2485d2e1ee0678da850f08e1ab13081a8"},
    {file = "ruff-0.0.292-py3-none-manylinux_2_17_x86_64.manylinux2014_x86_64.whl", hash = "sha256:8e087b24d0d849c5c81516ec740bf4fd48bf363cfb104545464e0fca749b6af9"},
    {file = "ruff-0.0.292-py3-none-musllinux_1_2_aarch64.whl", hash = "sha256:f160b5ec26be32362d0774964e218f3fcf0a7da299f7e220ef45ae9e3e67101a"},
    {file = "ruff-0.0.292-py3-none-musllinux_1_2_armv7l.whl", hash = "sha256:ac153eee6dd4444501c4bb92bff866491d4bfb01ce26dd2fff7ca472c8df9ad0"},
    {file = "ruff-0.0.292-py3-none-musllinux_1_2_i686.whl", hash = "sha256:87616771e72820800b8faea82edd858324b29bb99a920d6aa3d3949dd3f88fb0"},
    {file = "ruff-0.0.292-py3-none-musllinux_1_2_x86_64.whl", hash = "sha256:b76deb3bdbea2ef97db286cf953488745dd6424c122d275f05836c53f62d4016"},
    {file = "ruff-0.0.292-py3-none-win32.whl", hash = "sha256:e854b05408f7a8033a027e4b1c7f9889563dd2aca545d13d06711e5c39c3d003"},
    {file = "ruff-0.0.292-py3-none-win_amd64.whl", hash = "sha256:f27282bedfd04d4c3492e5c3398360c9d86a295be00eccc63914438b4ac8a83c"},
    {file = "ruff-0.0.292-py3-none-win_arm64.whl", hash = "sha256:7f67a69c8f12fbc8daf6ae6d36705037bde315abf8b82b6e1f4c9e74eb750f68"},
    {file = "ruff-0.0.292.tar.gz", hash = "sha256:1093449e37dd1e9b813798f6ad70932b57cf614e5c2b5c51005bf67d55db33ac"},
]

[[package]]
name = "six"
version = "1.16.0"
requires_python = ">=2.7, !=3.0.*, !=3.1.*, !=3.2.*"
summary = "Python 2 and 3 compatibility utilities"
files = [
    {file = "six-1.16.0-py2.py3-none-any.whl", hash = "sha256:8abb2f1d86890a2dfb989f9a77cfcfd3e47c2a354b01111771326f8aa26e0254"},
    {file = "six-1.16.0.tar.gz", hash = "sha256:1e61c37477a1626458e36f7b1d82aa5c9b094fa4802892072e49de9c60c4c926"},
]

[[package]]
name = "srt"
version = "3.5.3"
requires_python = ">=2.7"
summary = "A tiny library for parsing, modifying, and composing SRT files."
files = [
    {file = "srt-3.5.3.tar.gz", hash = "sha256:4884315043a4f0740fd1f878ed6caa376ac06d70e135f306a6dc44632eed0cc0"},
]

[[package]]
name = "tqdm"
version = "4.66.1"
requires_python = ">=3.7"
summary = "Fast, Extensible Progress Meter"
dependencies = [
    "colorama; platform_system == \"Windows\"",
]
files = [
    {file = "tqdm-4.66.1-py3-none-any.whl", hash = "sha256:d302b3c5b53d47bce91fea46679d9c3c6508cf6332229aa1e7d8653723793386"},
    {file = "tqdm-4.66.1.tar.gz", hash = "sha256:d88e651f9db8d8551a62556d3cff9e3034274ca5d66e93197cf2490e2dcb69c7"},
]

[[package]]
name = "typing-extensions"
version = "4.8.0"
requires_python = ">=3.8"
summary = "Backported and Experimental Type Hints for Python 3.8+"
files = [
    {file = "typing_extensions-4.8.0-py3-none-any.whl", hash = "sha256:8f92fc8806f9a6b641eaa5318da32b44d401efaac0f6678c9bc448ba3605faa0"},
    {file = "typing_extensions-4.8.0.tar.gz", hash = "sha256:df8e4339e9cb77357558cbdbceca33c303714cf861d1eef15e1070055ae8b7ef"},
]

[[package]]
name = "webrtcvad"
version = "2.0.10"
summary = "Python interface to the Google WebRTC Voice Activity Detector (VAD)"
files = [
    {file = "webrtcvad-2.0.10.tar.gz", hash = "sha256:f1bed2fb25b63fb7b1a55d64090c993c9c9167b28485ae0bcdd81cf6ede96aea"},
]

[[package]]
name = "webrtcvad-wheels"
version = "2.0.11.post1"
summary = "Python interface to the Google WebRTC Voice Activity Detector (VAD) [released with binary wheels!]"
files = [
    {file = "webrtcvad-wheels-2.0.11.post1.tar.gz", hash = "sha256:aa1f749b5ea5ce209df9bdef7be9f4844007e630ac87ab9dbc25dda73fd5d2b7"},
    {file = "webrtcvad_wheels-2.0.11.post1-pp37-pypy37_pp73-macosx_10_9_x86_64.whl", hash = "sha256:06c46b46d89966a2f8d3e09e101ea294eb4492e50b582a3c7b84f98ae135a158"},
    {file = "webrtcvad_wheels-2.0.11.post1-pp37-pypy37_pp73-manylinux_2_17_aarch64.manylinux2014_aarch64.whl", hash = "sha256:0c8c8bdf216e7d4062f87610fe4325176b83720f85cd67e3e78f2f49c36b4fc9"},
    {file = "webrtcvad_wheels-2.0.11.post1-pp37-pypy37_pp73-manylinux_2_17_x86_64.manylinux2014_x86_64.whl", hash = "sha256:43007f9be9ff37c536a310a8ec0dfb412849b6adcadec43a337a4b9cbb757888"},
    {file = "webrtcvad_wheels-2.0.11.post1-pp37-pypy37_pp73-manylinux_2_5_i686.manylinux1_i686.manylinux_2_17_i686.manylinux2014_i686.whl", hash = "sha256:98cf3e37f8d6596c62151ef3ec7d8a62285f4bbc6d33c0070994f6c4f96e5144"},
    {file = "webrtcvad_wheels-2.0.11.post1-pp37-pypy37_pp73-win_amd64.whl", hash = "sha256:91de8a6be3b4d660305bd784150962774690f30faa9552d526dcaac26a02e5a5"},
    {file = "webrtcvad_wheels-2.0.11.post1-pp38-pypy38_pp73-macosx_10_9_x86_64.whl", hash = "sha256:1be94fdb080777ece8cb86d779fe5d662574fee42c4ec097029b958724314f4e"},
    {file = "webrtcvad_wheels-2.0.11.post1-pp38-pypy38_pp73-manylinux_2_17_aarch64.manylinux2014_aarch64.whl", hash = "sha256:aae6902034c1da0b59c7c07e467d2c3da42821c8b665304cd7cc2b9b95dbda02"},
    {file = "webrtcvad_wheels-2.0.11.post1-pp38-pypy38_pp73-manylinux_2_17_x86_64.manylinux2014_x86_64.whl", hash = "sha256:316152b31165aaa2af085c2e9022bf50c4f6ac890ea2b2f85a8e2fbf9632a832"},
    {file = "webrtcvad_wheels-2.0.11.post1-pp38-pypy38_pp73-manylinux_2_5_i686.manylinux1_i686.manylinux_2_17_i686.manylinux2014_i686.whl", hash = "sha256:f72692baacf1e25fe0e2e8e8c27f4271d82726e2a5a9123c4c2f7af107bb425d"},
    {file = "webrtcvad_wheels-2.0.11.post1-pp38-pypy38_pp73-win_amd64.whl", hash = "sha256:f0c84bf2d243042cd1bb6fee4bf3092af948f64f14b82d29f507f07036a9017c"},
    {file = "webrtcvad_wheels-2.0.11.post1-pp39-pypy39_pp73-macosx_10_9_x86_64.whl", hash = "sha256:54d1185f38a2e0f8a9fc0d60e3da39d188dc535d2623aa87dcf505604f8b5785"},
    {file = "webrtcvad_wheels-2.0.11.post1-pp39-pypy39_pp73-manylinux_2_17_aarch64.manylinux2014_aarch64.whl", hash = "sha256:729d770039f52d53c282f3467759889a15a91d399fe44a817012592621a90375"},
    {file = "webrtcvad_wheels-2.0.11.post1-pp39-pypy39_pp73-manylinux_2_17_x86_64.manylinux2014_x86_64.whl", hash = "sha256:67286cc5fb1e6c1cb88b96b6a55a0ecddfc2eeef18d9871da7a26bac72b40338"},
    {file = "webrtcvad_wheels-2.0.11.post1-pp39-pypy39_pp73-manylinux_2_5_i686.manylinux1_i686.manylinux_2_17_i686.manylinux2014_i686.whl", hash = "sha256:a288a20a006fdb8082669e3ac213c7c49c238938b12c95f4a0f6f9dcd1332fc7"},
    {file = "webrtcvad_wheels-2.0.11.post1-pp39-pypy39_pp73-win_amd64.whl", hash = "sha256:a8c8db4eb996398a395ae8cb529908a0791538e007f7e6ab836f16894f508b36"},
]
